{
  "name": "homemaking",
  "version": "1.0.0",
  "lockfileVersion": 1,
  "requires": true,
  "dependencies": {
    "@vant/weapp": {
      "version": "1.10.2",
      "resolved": "https://registry.npmjs.org/@vant/weapp/-/weapp-1.10.2.tgz",
      "integrity": "sha512-caqA0xQxM4lMRncFsRPPVMDdEzUBCJ4xdFXuKReXpEU3qwnVIP/WIjVDIi7mWyS7xqz8C9WfSW5JL4PrlSq31w=="
    },
    "gcoord": {
      "version": "0.3.2",
      "resolved": "https://registry.npmjs.org/gcoord/-/gcoord-0.3.2.tgz",
      "integrity": "sha512-LwhA+ev6fBXadAFprI+Q593TTC1QYa0Quewd3YUT51wQS2S6gekrC1YCQlJhKA8HpqCF+dX+fBcX/lkYM5Kgog=="
    },
    "mobx-miniprogram": {
      "version": "4.13.2",
      "resolved": "https://registry.npmjs.org/mobx-miniprogram/-/mobx-miniprogram-4.13.2.tgz",
      "integrity": "sha512-C3HtkqHCLKp35N2gXA80yFD6PNfSqwioPFmnjTQpBLrEqYm1F6yiWZ57CW+8FqgmR306mw6ZfsM5q7hSTHw8BQ=="
    },
    "mobx-miniprogram-bindings": {
      "version": "2.0.0",
      "resolved": "https://registry.npmjs.org/mobx-miniprogram-bindings/-/mobx-miniprogram-bindings-2.0.0.tgz",
      "integrity": "sha512-e8GmulXrBpywTi1jp9wmTgY0aFbUoVvseluz7kIHEktOBxDw3CjKD6z+/ieaojNLfsmaIQRoB5hfzQ4LXq/vOw=="
    },
    "mp-html": {
      "version": "2.2.2",
      "resolved": "https://registry.npmjs.org/mp-html/-/mp-html-2.2.2.tgz",
      "integrity": "sha512-ebbTllkRKOK1Vubs55gpLgePhpJldPCp6RAreNvVoQrk9gKUI13Ykkjkk0MQFvP5OGSmepDSr7fSCC6fYzFcXQ=="
    },
    "tim-upload-plugin": {
      "version": "1.0.4",
      "resolved": "https://registry.npmjs.org/tim-upload-plugin/-/tim-upload-plugin-1.0.4.tgz",
      "integrity": "sha512-Ib/Ql5vdKoLg2wSFBQ34nzBnaUFa6IxiV8060BF+RnWVlhBZSd3MpBXT32wWcmPj/Sl2yOSCM+dC4fn1sm+y/w=="
    },
    "tim-wx-sdk-ws": {
      "version": "2.12.0",
      "resolved": "https://registry.npmjs.org/tim-wx-sdk-ws/-/tim-wx-sdk-ws-2.12.0.tgz",
      "integrity": "sha512-BumXghLCRa4W9v9yafCTBH7di3cIMCPXfYj0BTaJtajBzFzEVDnJh+eRqS1bBDN1fi9qu8ksfhfzVyTsqg1yBA=="
    },
    "wx-minicomponent": {
      "version": "1.2.0",
      "resolved": "https://registry.npmjs.org/wx-minicomponent/-/wx-minicomponent-1.2.0.tgz",
      "integrity": "sha512-8IzP6b4w3vzpmtia00CC+UtgEzP6QK4d0hssS0ldEe/noI7imYacHBb17MSJLsMkyZwQp3crFaqSRhbrwKOFZg=="
    }
  }
}
